{
  "name": "load",
  "version": "1.0.0",
  "lockfileVersion": 3,
  "requires": true,
  "packages": {
    "": {
      "name": "load",
      "version": "1.0.0",
      "license": "MIT",
      "devDependencies": {
        "@napi-rs/cli": "^2.11.4"
      }
    },
    "node_modules/@napi-rs/cli": {
      "version": "2.18.1",
      "resolved": "https://registry.npmmirror.com/@napi-rs/cli/-/cli-2.18.1.tgz",
      "integrity": "sha512-N4iTeip2VSk0RftgDGuk7IBrgOST/WPUSA3lYstILXsNifR3tHugcbLzo04+OtSrMc+ZUPsXo3Jd1t3dlswAlw==",
      "dev": true,
      "bin": {
        "napi": "scripts/index.js"
      },
      "engines": {
        "node": ">= 10"
      }
    }
  }
}
